
Microsoft Visual Studio Solution File, Format Version 12.00
# Visual Studio Version 17
VisualStudioVersion = 17.11.35312.102
MinimumVisualStudioVersion = 10.0.40219.1
Project("{FAE04EC0-301F-11D3-BF4B-00C04F79EFBC}") = "10oktyabr1", "10oktyabr1\10oktyabr1.csproj", "{13D8F063-E184-45DD-B261-46C1159C6395}"
EndProject
Global
	GlobalSection(SolutionConfigurationPlatforms) = preSolution
		Debug|Any CPU = Debug|Any CPU
		Release|Any CPU = Release|Any CPU
	EndGlobalSection
	GlobalSection(ProjectConfigurationPlatforms) = postSolution
		{13D8F063-E184-45DD-B261-46C1159C6395}.Debug|Any CPU.ActiveCfg = Debug|Any CPU
		{13D8F063-E184-45DD-B261-46C1159C6395}.Debug|Any CPU.Build.0 = Debug|Any CPU
		{13D8F063-E184-45DD-B261-46C1159C6395}.Release|Any CPU.ActiveCfg = Release|Any CPU
		{13D8F063-E184-45DD-B261-46C1159C6395}.Release|Any CPU.Build.0 = Release|Any CPU
	EndGlobalSection
	GlobalSection(SolutionProperties) = preSolution
		HideSolutionNode = FALSE
	EndGlobalSection
	GlobalSection(ExtensibilityGlobals) = postSolution
		SolutionGuid = {892A01A7-133C-4A98-B70A-9F7A16FDE4F5}
	EndGlobalSection
EndGlobal
